
Microsoft Visual Studio Solution File, Format Version 12.00
# Visual Studio Version 16
VisualStudioVersion = 16.0.32802.440
MinimumVisualStudioVersion = 10.0.40219.1
Project("{FAE04EC0-301F-11D3-BF4B-00C04F79EFBC}") = "Devs2Blu.ProjetosAula.Revisao1", "src\Devs2Blu.ProjetosAula.Revisao1\Devs2Blu.ProjetosAula.Revisao1.csproj", "{2E3748A6-4722-4D1D-B242-970CBFF98F5A}"
EndProject
Global
	GlobalSection(SolutionConfigurationPlatforms) = preSolution
		Debug|Any CPU = Debug|Any CPU
		Release|Any CPU = Release|Any CPU
	EndGlobalSection
	GlobalSection(ProjectConfigurationPlatforms) = postSolution
		{2E3748A6-4722-4D1D-B242-970CBFF98F5A}.Debug|Any CPU.ActiveCfg = Debug|Any CPU
		{2E3748A6-4722-4D1D-B242-970CBFF98F5A}.Debug|Any CPU.Build.0 = Debug|Any CPU
		{2E3748A6-4722-4D1D-B242-970CBFF98F5A}.Release|Any CPU.ActiveCfg = Release|Any CPU
		{2E3748A6-4722-4D1D-B242-970CBFF98F5A}.Release|Any CPU.Build.0 = Release|Any CPU
	EndGlobalSection
	GlobalSection(SolutionProperties) = preSolution
		HideSolutionNode = FALSE
	EndGlobalSection
	GlobalSection(ExtensibilityGlobals) = postSolution
		SolutionGuid = {AF0DC290-4FF0-4EC5-9100-918F96F29823}
	EndGlobalSection
EndGlobal
