
Microsoft Visual Studio Solution File, Format Version 12.00
# Visual Studio Version 16
VisualStudioVersion = 16.0.32802.440
MinimumVisualStudioVersion = 10.0.40219.1
Project("{FAE04EC0-301F-11D3-BF4B-00C04F79EFBC}") = "CursoDev2Blu.ProjetosAulas.ProjetoAula2", "CursoDev2Blu.ProjetosAulas.ProjetoAula2\CursoDev2Blu.ProjetosAulas.ProjetoAula2.csproj", "{78774543-8451-48AD-A01D-C945F44359EB}"
EndProject
Global
	GlobalSection(SolutionConfigurationPlatforms) = preSolution
		Debug|Any CPU = Debug|Any CPU
		Release|Any CPU = Release|Any CPU
	EndGlobalSection
	GlobalSection(ProjectConfigurationPlatforms) = postSolution
		{78774543-8451-48AD-A01D-C945F44359EB}.Debug|Any CPU.ActiveCfg = Debug|Any CPU
		{78774543-8451-48AD-A01D-C945F44359EB}.Debug|Any CPU.Build.0 = Debug|Any CPU
		{78774543-8451-48AD-A01D-C945F44359EB}.Release|Any CPU.ActiveCfg = Release|Any CPU
		{78774543-8451-48AD-A01D-C945F44359EB}.Release|Any CPU.Build.0 = Release|Any CPU
	EndGlobalSection
	GlobalSection(SolutionProperties) = preSolution
		HideSolutionNode = FALSE
	EndGlobalSection
	GlobalSection(ExtensibilityGlobals) = postSolution
		SolutionGuid = {3C8933CC-7390-4EB9-B480-E4210A39D3BE}
	EndGlobalSection
EndGlobal
