
Microsoft Visual Studio Solution File, Format Version 12.00
# Visual Studio Version 16
VisualStudioVersion = 16.0.32802.440
MinimumVisualStudioVersion = 10.0.40219.1
Project("{FAE04EC0-301F-11D3-BF4B-00C04F79EFBC}") = "Dev2Blu.ProjetosAula.Aula6Loops", "src\Dev2Blu.ProjetosAula.Aula6Loops\Dev2Blu.ProjetosAula.Aula6Loops.csproj", "{805309DC-3C4D-4DDA-A1B4-EA20896642F4}"
EndProject
Global
	GlobalSection(SolutionConfigurationPlatforms) = preSolution
		Debug|Any CPU = Debug|Any CPU
		Release|Any CPU = Release|Any CPU
	EndGlobalSection
	GlobalSection(ProjectConfigurationPlatforms) = postSolution
		{805309DC-3C4D-4DDA-A1B4-EA20896642F4}.Debug|Any CPU.ActiveCfg = Debug|Any CPU
		{805309DC-3C4D-4DDA-A1B4-EA20896642F4}.Debug|Any CPU.Build.0 = Debug|Any CPU
		{805309DC-3C4D-4DDA-A1B4-EA20896642F4}.Release|Any CPU.ActiveCfg = Release|Any CPU
		{805309DC-3C4D-4DDA-A1B4-EA20896642F4}.Release|Any CPU.Build.0 = Release|Any CPU
	EndGlobalSection
	GlobalSection(SolutionProperties) = preSolution
		HideSolutionNode = FALSE
	EndGlobalSection
	GlobalSection(ExtensibilityGlobals) = postSolution
		SolutionGuid = {CE40D254-ED85-4721-8A48-76555F44B10A}
	EndGlobalSection
EndGlobal
