
Microsoft Visual Studio Solution File, Format Version 12.00
# Visual Studio Version 16
VisualStudioVersion = 16.0.32802.440
MinimumVisualStudioVersion = 10.0.40219.1
Project("{FAE04EC0-301F-11D3-BF4B-00C04F79EFBC}") = "ConsoleApp1", "ConsoleApp1.csproj", "{12693C65-9C9C-4559-BECD-F85B612BAB05}"
EndProject
Global
	GlobalSection(SolutionConfigurationPlatforms) = preSolution
		Debug|Any CPU = Debug|Any CPU
		Release|Any CPU = Release|Any CPU
	EndGlobalSection
	GlobalSection(ProjectConfigurationPlatforms) = postSolution
		{12693C65-9C9C-4559-BECD-F85B612BAB05}.Debug|Any CPU.ActiveCfg = Debug|Any CPU
		{12693C65-9C9C-4559-BECD-F85B612BAB05}.Debug|Any CPU.Build.0 = Debug|Any CPU
		{12693C65-9C9C-4559-BECD-F85B612BAB05}.Release|Any CPU.ActiveCfg = Release|Any CPU
		{12693C65-9C9C-4559-BECD-F85B612BAB05}.Release|Any CPU.Build.0 = Release|Any CPU
	EndGlobalSection
	GlobalSection(SolutionProperties) = preSolution
		HideSolutionNode = FALSE
	EndGlobalSection
	GlobalSection(ExtensibilityGlobals) = postSolution
		SolutionGuid = {3366D27D-2969-4FB2-81BF-7C35F0DDB2F0}
	EndGlobalSection
EndGlobal
