
Microsoft Visual Studio Solution File, Format Version 12.00
# Visual Studio Version 16
VisualStudioVersion = 16.0.32802.440
MinimumVisualStudioVersion = 10.0.40219.1
Project("{FAE04EC0-301F-11D3-BF4B-00C04F79EFBC}") = "Devs2Blu.ProjetosAula.OOP3.Main", "src\Devs2Blu.ProjetosAula.OOP3.Main\Devs2Blu.ProjetosAula.OOP3.Main.csproj", "{14773EC7-3D34-484A-9E05-15C7ED7CB681}"
EndProject
Project("{FAE04EC0-301F-11D3-BF4B-00C04F79EFBC}") = "Devs2Blu.ProjetosAula.OOP3.Models", "src\Devs2Blu.ProjetosAula.OOP3.Models\Devs2Blu.ProjetosAula.OOP3.Models.csproj", "{65EEFE8E-A5C9-470B-A2E4-78A175DF2615}"
EndProject
Global
	GlobalSection(SolutionConfigurationPlatforms) = preSolution
		Debug|Any CPU = Debug|Any CPU
		Release|Any CPU = Release|Any CPU
	EndGlobalSection
	GlobalSection(ProjectConfigurationPlatforms) = postSolution
		{14773EC7-3D34-484A-9E05-15C7ED7CB681}.Debug|Any CPU.ActiveCfg = Debug|Any CPU
		{14773EC7-3D34-484A-9E05-15C7ED7CB681}.Debug|Any CPU.Build.0 = Debug|Any CPU
		{14773EC7-3D34-484A-9E05-15C7ED7CB681}.Release|Any CPU.ActiveCfg = Release|Any CPU
		{14773EC7-3D34-484A-9E05-15C7ED7CB681}.Release|Any CPU.Build.0 = Release|Any CPU
		{65EEFE8E-A5C9-470B-A2E4-78A175DF2615}.Debug|Any CPU.ActiveCfg = Debug|Any CPU
		{65EEFE8E-A5C9-470B-A2E4-78A175DF2615}.Debug|Any CPU.Build.0 = Debug|Any CPU
		{65EEFE8E-A5C9-470B-A2E4-78A175DF2615}.Release|Any CPU.ActiveCfg = Release|Any CPU
		{65EEFE8E-A5C9-470B-A2E4-78A175DF2615}.Release|Any CPU.Build.0 = Release|Any CPU
	EndGlobalSection
	GlobalSection(SolutionProperties) = preSolution
		HideSolutionNode = FALSE
	EndGlobalSection
	GlobalSection(ExtensibilityGlobals) = postSolution
		SolutionGuid = {86BE5E9B-F78E-4F79-ABFC-C26B7F1F0BDC}
	EndGlobalSection
EndGlobal
