
Microsoft Visual Studio Solution File, Format Version 12.00
# Visual Studio Version 17
VisualStudioVersion = 17.3.32929.385
MinimumVisualStudioVersion = 10.0.40219.1
Project("{FAE04EC0-301F-11D3-BF4B-00C04F79EFBC}") = "Devs2Blu.ProjetosAula.MVCSQL.Web", "src\Devs2Blu.ProjetosAula.MVCSQL.Web\Devs2Blu.ProjetosAula.MVCSQL.Web.csproj", "{53C8BA91-CD11-41C8-8F37-E93D2A487D0D}"
EndProject
Global
	GlobalSection(SolutionConfigurationPlatforms) = preSolution
		Debug|Any CPU = Debug|Any CPU
		Release|Any CPU = Release|Any CPU
	EndGlobalSection
	GlobalSection(ProjectConfigurationPlatforms) = postSolution
		{53C8BA91-CD11-41C8-8F37-E93D2A487D0D}.Debug|Any CPU.ActiveCfg = Debug|Any CPU
		{53C8BA91-CD11-41C8-8F37-E93D2A487D0D}.Debug|Any CPU.Build.0 = Debug|Any CPU
		{53C8BA91-CD11-41C8-8F37-E93D2A487D0D}.Release|Any CPU.ActiveCfg = Release|Any CPU
		{53C8BA91-CD11-41C8-8F37-E93D2A487D0D}.Release|Any CPU.Build.0 = Release|Any CPU
	EndGlobalSection
	GlobalSection(SolutionProperties) = preSolution
		HideSolutionNode = FALSE
	EndGlobalSection
	GlobalSection(ExtensibilityGlobals) = postSolution
		SolutionGuid = {A223787B-0E35-461B-8C4D-97F1BD4043DF}
	EndGlobalSection
EndGlobal
